// !$*UTF8*$!
{
	archiveVersion = 1;
	classes = {
	};
	objectVersion = 55;
	objects = {

/* Begin PBXBuildFile section */
		620073FE2912933900B22D0C /* AddPresenter.swift in Sources */ = {isa = PBXBuildFile; fileRef = 620073FD2912933900B22D0C /* AddPresenter.swift */; };
		620074002912934200B22D0C /* AddInteractor.swift in Sources */ = {isa = PBXBuildFile; fileRef = 620073FF2912934200B22D0C /* AddInteractor.swift */; };
		62007404291294C600B22D0C /* CostsPresenter.swift in Sources */ = {isa = PBXBuildFile; fileRef = 62007403291294C600B22D0C /* CostsPresenter.swift */; };
		62007406291294D300B22D0C /* CostsInteractor.swift in Sources */ = {isa = PBXBuildFile; fileRef = 62007405291294D300B22D0C /* CostsInteractor.swift */; };
		62007408291294DC00B22D0C /* CostsRouter.swift in Sources */ = {isa = PBXBuildFile; fileRef = 62007407291294DC00B22D0C /* CostsRouter.swift */; };
		6235A3352916881700717C28 /* Realm in Frameworks */ = {isa = PBXBuildFile; productRef = 6235A3342916881700717C28 /* Realm */; };
		6235A3372916881700717C28 /* RealmSwift in Frameworks */ = {isa = PBXBuildFile; productRef = 6235A3362916881700717C28 /* RealmSwift */; };
		6235A33A29168A5C00717C28 /* CostsCategories.swift in Sources */ = {isa = PBXBuildFile; fileRef = 6235A33929168A5C00717C28 /* CostsCategories.swift */; };
		6235A33E29169ED100717C28 /* CostsRouterInput.swift in Sources */ = {isa = PBXBuildFile; fileRef = 6235A33D29169ED100717C28 /* CostsRouterInput.swift */; };
		6235A34029169F0E00717C28 /* CostsRouterOutput.swift in Sources */ = {isa = PBXBuildFile; fileRef = 6235A33F29169F0E00717C28 /* CostsRouterOutput.swift */; };
		6235A34229169F2D00717C28 /* CostsInteractorInput.swift in Sources */ = {isa = PBXBuildFile; fileRef = 6235A34129169F2D00717C28 /* CostsInteractorInput.swift */; };
		6235A34429169F4300717C28 /* CostsInteractorOutput.swift in Sources */ = {isa = PBXBuildFile; fileRef = 6235A34329169F4300717C28 /* CostsInteractorOutput.swift */; };
		6235A34629169F6200717C28 /* CostsPresenterInput.swift in Sources */ = {isa = PBXBuildFile; fileRef = 6235A34529169F6200717C28 /* CostsPresenterInput.swift */; };
		6235A34829169F7900717C28 /* CostsPresenterOutput.swift in Sources */ = {isa = PBXBuildFile; fileRef = 6235A34729169F7900717C28 /* CostsPresenterOutput.swift */; };
		6235A34B29169FC100717C28 /* AddRouterInput.swift in Sources */ = {isa = PBXBuildFile; fileRef = 6235A34A29169FC100717C28 /* AddRouterInput.swift */; };
		6235A34F2916A01C00717C28 /* AddRouterOutput.swift in Sources */ = {isa = PBXBuildFile; fileRef = 6235A34E2916A01C00717C28 /* AddRouterOutput.swift */; };
		6235A3512916A02D00717C28 /* AddInteractorInput.swift in Sources */ = {isa = PBXBuildFile; fileRef = 6235A3502916A02D00717C28 /* AddInteractorInput.swift */; };
		6235A3532916A04500717C28 /* AddInteractorOutput.swift in Sources */ = {isa = PBXBuildFile; fileRef = 6235A3522916A04500717C28 /* AddInteractorOutput.swift */; };
		6235A3552916A05F00717C28 /* AddPresenterInput.swift in Sources */ = {isa = PBXBuildFile; fileRef = 6235A3542916A05F00717C28 /* AddPresenterInput.swift */; };
		6235A3572916A07200717C28 /* AddPresenterOutput.swift in Sources */ = {isa = PBXBuildFile; fileRef = 6235A3562916A07200717C28 /* AddPresenterOutput.swift */; };
		6235A35B2916AA0800717C28 /* AddRouter.swift in Sources */ = {isa = PBXBuildFile; fileRef = 6235A35A2916AA0800717C28 /* AddRouter.swift */; };
		6247858D29199D82004A74DA /* AddType.swift in Sources */ = {isa = PBXBuildFile; fileRef = 6247858C29199D82004A74DA /* AddType.swift */; };
		6247858F29199EC6004A74DA /* Income.swift in Sources */ = {isa = PBXBuildFile; fileRef = 6247858E29199EC6004A74DA /* Income.swift */; };
		6260739728F1D36A00545484 /* AppDelegate.swift in Sources */ = {isa = PBXBuildFile; fileRef = 6260739628F1D36A00545484 /* AppDelegate.swift */; };
		6260739E28F1D36A00545484 /* Main.storyboard in Resources */ = {isa = PBXBuildFile; fileRef = 6260739C28F1D36A00545484 /* Main.storyboard */; };
		626073A128F1D36A00545484 /* FinancialAnalysis.xcdatamodeld in Sources */ = {isa = PBXBuildFile; fileRef = 6260739F28F1D36A00545484 /* FinancialAnalysis.xcdatamodeld */; };
		626073A328F1D36A00545484 /* Assets.xcassets in Resources */ = {isa = PBXBuildFile; fileRef = 626073A228F1D36A00545484 /* Assets.xcassets */; };
		626073A628F1D36A00545484 /* LaunchScreen.storyboard in Resources */ = {isa = PBXBuildFile; fileRef = 626073A428F1D36A00545484 /* LaunchScreen.storyboard */; };
		626073B128F1D36A00545484 /* FinancialAnalysisTests.swift in Sources */ = {isa = PBXBuildFile; fileRef = 626073B028F1D36A00545484 /* FinancialAnalysisTests.swift */; };
		626073BB28F1D36A00545484 /* FinancialAnalysisUITests.swift in Sources */ = {isa = PBXBuildFile; fileRef = 626073BA28F1D36A00545484 /* FinancialAnalysisUITests.swift */; };
		626073BD28F1D36A00545484 /* FinancialAnalysisUITestsLaunchTests.swift in Sources */ = {isa = PBXBuildFile; fileRef = 626073BC28F1D36A00545484 /* FinancialAnalysisUITestsLaunchTests.swift */; };
		626073CD28F1D99100545484 /* CostsViewController.swift in Sources */ = {isa = PBXBuildFile; fileRef = 626073CC28F1D99100545484 /* CostsViewController.swift */; };
		626073D528F1D9BD00545484 /* GraphViewController.swift in Sources */ = {isa = PBXBuildFile; fileRef = 626073D428F1D9BD00545484 /* GraphViewController.swift */; };
		626073E628F1E0C400545484 /* NavigationController.swift in Sources */ = {isa = PBXBuildFile; fileRef = 626073E528F1E0C400545484 /* NavigationController.swift */; };
		626073EC28F1E67C00545484 /* SnapKit in Frameworks */ = {isa = PBXBuildFile; productRef = 626073EB28F1E67C00545484 /* SnapKit */; };
		626073EE28F1E90200545484 /* CostsTableCell.swift in Sources */ = {isa = PBXBuildFile; fileRef = 626073ED28F1E90200545484 /* CostsTableCell.swift */; };
		626449FA294129CD004212B3 /* ConvertDate.swift in Sources */ = {isa = PBXBuildFile; fileRef = 626449F9294129CD004212B3 /* ConvertDate.swift */; };
		62D013EF28F2D3CC00517266 /* AddViewController.swift in Sources */ = {isa = PBXBuildFile; fileRef = 62D013EE28F2D3CC00517266 /* AddViewController.swift */; };
		62FCFF902933F4D4007E0C6D /* CostsCategory.swift in Sources */ = {isa = PBXBuildFile; fileRef = 62FCFF8F2933F4D4007E0C6D /* CostsCategory.swift */; };
		62FCFF932933F5CF007E0C6D /* CostsCategoryViewController.swift in Sources */ = {isa = PBXBuildFile; fileRef = 62FCFF922933F5CF007E0C6D /* CostsCategoryViewController.swift */; };
		62FCFF952933F5DB007E0C6D /* CostsCategoryPresenter.swift in Sources */ = {isa = PBXBuildFile; fileRef = 62FCFF942933F5DB007E0C6D /* CostsCategoryPresenter.swift */; };
		62FCFF972933F5E7007E0C6D /* CostsCategoryInteractor.swift in Sources */ = {isa = PBXBuildFile; fileRef = 62FCFF962933F5E7007E0C6D /* CostsCategoryInteractor.swift */; };
		62FCFF992933F5F0007E0C6D /* CostsCategoryRouter.swift in Sources */ = {isa = PBXBuildFile; fileRef = 62FCFF982933F5F0007E0C6D /* CostsCategoryRouter.swift */; };
		62FCFF9C2933F614007E0C6D /* CostsCategoryRouretInput.swift in Sources */ = {isa = PBXBuildFile; fileRef = 62FCFF9B2933F614007E0C6D /* CostsCategoryRouretInput.swift */; };
		62FCFF9E2933F61F007E0C6D /* CostsCategoryRouterOutput.swift in Sources */ = {isa = PBXBuildFile; fileRef = 62FCFF9D2933F61F007E0C6D /* CostsCategoryRouterOutput.swift */; };
		62FCFFA02933F62A007E0C6D /* CostsCategoryPresenterInput.swift in Sources */ = {isa = PBXBuildFile; fileRef = 62FCFF9F2933F62A007E0C6D /* CostsCategoryPresenterInput.swift */; };
		62FCFFA22933F633007E0C6D /* CostsCategoryPresenterOutput.swift in Sources */ = {isa = PBXBuildFile; fileRef = 62FCFFA12933F633007E0C6D /* CostsCategoryPresenterOutput.swift */; };
		62FCFFA42933F642007E0C6D /* CostsCategoryInteractorInput.swift in Sources */ = {isa = PBXBuildFile; fileRef = 62FCFFA32933F642007E0C6D /* CostsCategoryInteractorInput.swift */; };
		62FCFFA62933F650007E0C6D /* CostsCategoryInteractorOutput.swift in Sources */ = {isa = PBXBuildFile; fileRef = 62FCFFA52933F650007E0C6D /* CostsCategoryInteractorOutput.swift */; };
		62FCFFA82933F89B007E0C6D /* CostsCategoryTableCell.swift in Sources */ = {isa = PBXBuildFile; fileRef = 62FCFFA72933F89B007E0C6D /* CostsCategoryTableCell.swift */; };
/* End PBXBuildFile section */

/* Begin PBXContainerItemProxy section */
		626073AD28F1D36A00545484 /* PBXContainerItemProxy */ = {
			isa = PBXContainerItemProxy;
			containerPortal = 6260738B28F1D36A00545484 /* Project object */;
			proxyType = 1;
			remoteGlobalIDString = 6260739228F1D36A00545484;
			remoteInfo = FinancialAnalysis;
		};
		626073B728F1D36A00545484 /* PBXContainerItemProxy */ = {
			isa = PBXContainerItemProxy;
			containerPortal = 6260738B28F1D36A00545484 /* Project object */;
			proxyType = 1;
			remoteGlobalIDString = 6260739228F1D36A00545484;
			remoteInfo = FinancialAnalysis;
		};
/* End PBXContainerItemProxy section */

/* Begin PBXFileReference section */
		620073FD2912933900B22D0C /* AddPresenter.swift */ = {isa = PBXFileReference; lastKnownFileType = sourcecode.swift; path = AddPresenter.swift; sourceTree = "<group>"; };
		620073FF2912934200B22D0C /* AddInteractor.swift */ = {isa = PBXFileReference; lastKnownFileType = sourcecode.swift; path = AddInteractor.swift; sourceTree = "<group>"; };
		62007403291294C600B22D0C /* CostsPresenter.swift */ = {isa = PBXFileReference; lastKnownFileType = sourcecode.swift; path = CostsPresenter.swift; sourceTree = "<group>"; };
		62007405291294D300B22D0C /* CostsInteractor.swift */ = {isa = PBXFileReference; lastKnownFileType = sourcecode.swift; path = CostsInteractor.swift; sourceTree = "<group>"; };
		62007407291294DC00B22D0C /* CostsRouter.swift */ = {isa = PBXFileReference; lastKnownFileType = sourcecode.swift; path = CostsRouter.swift; sourceTree = "<group>"; };
		6235A33929168A5C00717C28 /* CostsCategories.swift */ = {isa = PBXFileReference; lastKnownFileType = sourcecode.swift; path = CostsCategories.swift; sourceTree = "<group>"; };
		6235A33D29169ED100717C28 /* CostsRouterInput.swift */ = {isa = PBXFileReference; lastKnownFileType = sourcecode.swift; path = CostsRouterInput.swift; sourceTree = "<group>"; };
		6235A33F29169F0E00717C28 /* CostsRouterOutput.swift */ = {isa = PBXFileReference; lastKnownFileType = sourcecode.swift; path = CostsRouterOutput.swift; sourceTree = "<group>"; };
		6235A34129169F2D00717C28 /* CostsInteractorInput.swift */ = {isa = PBXFileReference; lastKnownFileType = sourcecode.swift; path = CostsInteractorInput.swift; sourceTree = "<group>"; };
		6235A34329169F4300717C28 /* CostsInteractorOutput.swift */ = {isa = PBXFileReference; lastKnownFileType = sourcecode.swift; path = CostsInteractorOutput.swift; sourceTree = "<group>"; };
		6235A34529169F6200717C28 /* CostsPresenterInput.swift */ = {isa = PBXFileReference; lastKnownFileType = sourcecode.swift; path = CostsPresenterInput.swift; sourceTree = "<group>"; };
		6235A34729169F7900717C28 /* CostsPresenterOutput.swift */ = {isa = PBXFileReference; lastKnownFileType = sourcecode.swift; path = CostsPresenterOutput.swift; sourceTree = "<group>"; };
		6235A34A29169FC100717C28 /* AddRouterInput.swift */ = {isa = PBXFileReference; lastKnownFileType = sourcecode.swift; path = AddRouterInput.swift; sourceTree = "<group>"; };
		6235A34E2916A01C00717C28 /* AddRouterOutput.swift */ = {isa = PBXFileReference; lastKnownFileType = sourcecode.swift; path = AddRouterOutput.swift; sourceTree = "<group>"; };
		6235A3502916A02D00717C28 /* AddInteractorInput.swift */ = {isa = PBXFileReference; lastKnownFileType = sourcecode.swift; path = AddInteractorInput.swift; sourceTree = "<group>"; };
		6235A3522916A04500717C28 /* AddInteractorOutput.swift */ = {isa = PBXFileReference; lastKnownFileType = sourcecode.swift; path = AddInteractorOutput.swift; sourceTree = "<group>"; };
		6235A3542916A05F00717C28 /* AddPresenterInput.swift */ = {isa = PBXFileReference; lastKnownFileType = sourcecode.swift; path = AddPresenterInput.swift; sourceTree = "<group>"; };
		6235A3562916A07200717C28 /* AddPresenterOutput.swift */ = {isa = PBXFileReference; lastKnownFileType = sourcecode.swift; path = AddPresenterOutput.swift; sourceTree = "<group>"; };
		6235A35A2916AA0800717C28 /* AddRouter.swift */ = {isa = PBXFileReference; fileEncoding = 4; lastKnownFileType = sourcecode.swift; name = AddRouter.swift; path = ../../../../../.Trash/AddRouter.swift; sourceTree = "<group>"; };
		6247858C29199D82004A74DA /* AddType.swift */ = {isa = PBXFileReference; lastKnownFileType = sourcecode.swift; path = AddType.swift; sourceTree = "<group>"; };
		6247858E29199EC6004A74DA /* Income.swift */ = {isa = PBXFileReference; lastKnownFileType = sourcecode.swift; path = Income.swift; sourceTree = "<group>"; };
		6260739328F1D36A00545484 /* FinancialAnalysis.app */ = {isa = PBXFileReference; explicitFileType = wrapper.application; includeInIndex = 0; path = FinancialAnalysis.app; sourceTree = BUILT_PRODUCTS_DIR; };
		6260739628F1D36A00545484 /* AppDelegate.swift */ = {isa = PBXFileReference; lastKnownFileType = sourcecode.swift; path = AppDelegate.swift; sourceTree = "<group>"; };
		6260739D28F1D36A00545484 /* Base */ = {isa = PBXFileReference; lastKnownFileType = file.storyboard; name = Base; path = Base.lproj/Main.storyboard; sourceTree = "<group>"; };
		626073A028F1D36A00545484 /* FinancialAnalysis.xcdatamodel */ = {isa = PBXFileReference; lastKnownFileType = wrapper.xcdatamodel; path = FinancialAnalysis.xcdatamodel; sourceTree = "<group>"; };
		626073A228F1D36A00545484 /* Assets.xcassets */ = {isa = PBXFileReference; lastKnownFileType = folder.assetcatalog; path = Assets.xcassets; sourceTree = "<group>"; };
		626073A528F1D36A00545484 /* Base */ = {isa = PBXFileReference; lastKnownFileType = file.storyboard; name = Base; path = Base.lproj/LaunchScreen.storyboard; sourceTree = "<group>"; };
		626073A728F1D36A00545484 /* Info.plist */ = {isa = PBXFileReference; lastKnownFileType = text.plist.xml; path = Info.plist; sourceTree = "<group>"; };
		626073AC28F1D36A00545484 /* FinancialAnalysisTests.xctest */ = {isa = PBXFileReference; explicitFileType = wrapper.cfbundle; includeInIndex = 0; path = FinancialAnalysisTests.xctest; sourceTree = BUILT_PRODUCTS_DIR; };
		626073B028F1D36A00545484 /* FinancialAnalysisTests.swift */ = {isa = PBXFileReference; lastKnownFileType = sourcecode.swift; path = FinancialAnalysisTests.swift; sourceTree = "<group>"; };
		626073B628F1D36A00545484 /* FinancialAnalysisUITests.xctest */ = {isa = PBXFileReference; explicitFileType = wrapper.cfbundle; includeInIndex = 0; path = FinancialAnalysisUITests.xctest; sourceTree = BUILT_PRODUCTS_DIR; };
		626073BA28F1D36A00545484 /* FinancialAnalysisUITests.swift */ = {isa = PBXFileReference; lastKnownFileType = sourcecode.swift; path = FinancialAnalysisUITests.swift; sourceTree = "<group>"; };
		626073BC28F1D36A00545484 /* FinancialAnalysisUITestsLaunchTests.swift */ = {isa = PBXFileReference; lastKnownFileType = sourcecode.swift; path = FinancialAnalysisUITestsLaunchTests.swift; sourceTree = "<group>"; };
		626073CC28F1D99100545484 /* CostsViewController.swift */ = {isa = PBXFileReference; lastKnownFileType = sourcecode.swift; path = CostsViewController.swift; sourceTree = "<group>"; };
		626073D428F1D9BD00545484 /* GraphViewController.swift */ = {isa = PBXFileReference; lastKnownFileType = sourcecode.swift; path = GraphViewController.swift; sourceTree = "<group>"; };
		626073E528F1E0C400545484 /* NavigationController.swift */ = {isa = PBXFileReference; lastKnownFileType = sourcecode.swift; path = NavigationController.swift; sourceTree = "<group>"; };
		626073ED28F1E90200545484 /* CostsTableCell.swift */ = {isa = PBXFileReference; lastKnownFileType = sourcecode.swift; path = CostsTableCell.swift; sourceTree = "<group>"; };
		626449F9294129CD004212B3 /* ConvertDate.swift */ = {isa = PBXFileReference; lastKnownFileType = sourcecode.swift; path = ConvertDate.swift; sourceTree = "<group>"; };
		62D013EE28F2D3CC00517266 /* AddViewController.swift */ = {isa = PBXFileReference; lastKnownFileType = sourcecode.swift; path = AddViewController.swift; sourceTree = "<group>"; };
		62FCFF8F2933F4D4007E0C6D /* CostsCategory.swift */ = {isa = PBXFileReference; lastKnownFileType = sourcecode.swift; path = CostsCategory.swift; sourceTree = "<group>"; };
		62FCFF922933F5CF007E0C6D /* CostsCategoryViewController.swift */ = {isa = PBXFileReference; lastKnownFileType = sourcecode.swift; path = CostsCategoryViewController.swift; sourceTree = "<group>"; };
		62FCFF942933F5DB007E0C6D /* CostsCategoryPresenter.swift */ = {isa = PBXFileReference; lastKnownFileType = sourcecode.swift; path = CostsCategoryPresenter.swift; sourceTree = "<group>"; };
		62FCFF962933F5E7007E0C6D /* CostsCategoryInteractor.swift */ = {isa = PBXFileReference; lastKnownFileType = sourcecode.swift; path = CostsCategoryInteractor.swift; sourceTree = "<group>"; };
		62FCFF982933F5F0007E0C6D /* CostsCategoryRouter.swift */ = {isa = PBXFileReference; lastKnownFileType = sourcecode.swift; path = CostsCategoryRouter.swift; sourceTree = "<group>"; };
		62FCFF9B2933F614007E0C6D /* CostsCategoryRouretInput.swift */ = {isa = PBXFileReference; lastKnownFileType = sourcecode.swift; path = CostsCategoryRouretInput.swift; sourceTree = "<group>"; };
		62FCFF9D2933F61F007E0C6D /* CostsCategoryRouterOutput.swift */ = {isa = PBXFileReference; lastKnownFileType = sourcecode.swift; path = CostsCategoryRouterOutput.swift; sourceTree = "<group>"; };
		62FCFF9F2933F62A007E0C6D /* CostsCategoryPresenterInput.swift */ = {isa = PBXFileReference; lastKnownFileType = sourcecode.swift; path = CostsCategoryPresenterInput.swift; sourceTree = "<group>"; };
		62FCFFA12933F633007E0C6D /* CostsCategoryPresenterOutput.swift */ = {isa = PBXFileReference; lastKnownFileType = sourcecode.swift; path = CostsCategoryPresenterOutput.swift; sourceTree = "<group>"; };
		62FCFFA32933F642007E0C6D /* CostsCategoryInteractorInput.swift */ = {isa = PBXFileReference; lastKnownFileType = sourcecode.swift; path = CostsCategoryInteractorInput.swift; sourceTree = "<group>"; };
		62FCFFA52933F650007E0C6D /* CostsCategoryInteractorOutput.swift */ = {isa = PBXFileReference; lastKnownFileType = sourcecode.swift; path = CostsCategoryInteractorOutput.swift; sourceTree = "<group>"; };
		62FCFFA72933F89B007E0C6D /* CostsCategoryTableCell.swift */ = {isa = PBXFileReference; lastKnownFileType = sourcecode.swift; path = CostsCategoryTableCell.swift; sourceTree = "<group>"; };
/* End PBXFileReference section */

/* Begin PBXFrameworksBuildPhase section */
		6260739028F1D36A00545484 /* Frameworks */ = {
			isa = PBXFrameworksBuildPhase;
			buildActionMask = 2147483647;
			files = (
				6235A3372916881700717C28 /* RealmSwift in Frameworks */,
				6235A3352916881700717C28 /* Realm in Frameworks */,
				626073EC28F1E67C00545484 /* SnapKit in Frameworks */,
			);
			runOnlyForDeploymentPostprocessing = 0;
		};
		626073A928F1D36A00545484 /* Frameworks */ = {
			isa = PBXFrameworksBuildPhase;
			buildActionMask = 2147483647;
			files = (
			);
			runOnlyForDeploymentPostprocessing = 0;
		};
		626073B328F1D36A00545484 /* Frameworks */ = {
			isa = PBXFrameworksBuildPhase;
			buildActionMask = 2147483647;
			files = (
			);
			runOnlyForDeploymentPostprocessing = 0;
		};
/* End PBXFrameworksBuildPhase section */

/* Begin PBXGroup section */
		6235A33829168A2300717C28 /* DataBase */ = {
			isa = PBXGroup;
			children = (
				6235A33929168A5C00717C28 /* CostsCategories.swift */,
				6247858E29199EC6004A74DA /* Income.swift */,
				62FCFF8F2933F4D4007E0C6D /* CostsCategory.swift */,
			);
			path = DataBase;
			sourceTree = "<group>";
		};
		6235A33C29169EB100717C28 /* Protocols */ = {
			isa = PBXGroup;
			children = (
				6235A33D29169ED100717C28 /* CostsRouterInput.swift */,
				6235A33F29169F0E00717C28 /* CostsRouterOutput.swift */,
				6235A34129169F2D00717C28 /* CostsInteractorInput.swift */,
				6235A34329169F4300717C28 /* CostsInteractorOutput.swift */,
				6235A34529169F6200717C28 /* CostsPresenterInput.swift */,
				6235A34729169F7900717C28 /* CostsPresenterOutput.swift */,
			);
			path = Protocols;
			sourceTree = "<group>";
		};
		6235A34929169FAD00717C28 /* Protocols */ = {
			isa = PBXGroup;
			children = (
				6235A34A29169FC100717C28 /* AddRouterInput.swift */,
				6235A34E2916A01C00717C28 /* AddRouterOutput.swift */,
				6235A3502916A02D00717C28 /* AddInteractorInput.swift */,
				6235A3522916A04500717C28 /* AddInteractorOutput.swift */,
				6235A3542916A05F00717C28 /* AddPresenterInput.swift */,
				6235A3562916A07200717C28 /* AddPresenterOutput.swift */,
			);
			path = Protocols;
			sourceTree = "<group>";
		};
		6247858B29199D69004A74DA /* SupportElements */ = {
			isa = PBXGroup;
			children = (
				6247858C29199D82004A74DA /* AddType.swift */,
				626449F9294129CD004212B3 /* ConvertDate.swift */,
			);
			path = SupportElements;
			sourceTree = "<group>";
		};
		6260738A28F1D36A00545484 = {
			isa = PBXGroup;
			children = (
				626073E728F1E18500545484 /* Fonts */,
				6260739528F1D36A00545484 /* FinancialAnalysis */,
				626073AF28F1D36A00545484 /* FinancialAnalysisTests */,
				626073B928F1D36A00545484 /* FinancialAnalysisUITests */,
				6260739428F1D36A00545484 /* Products */,
			);
			sourceTree = "<group>";
		};
		6260739428F1D36A00545484 /* Products */ = {
			isa = PBXGroup;
			children = (
				6260739328F1D36A00545484 /* FinancialAnalysis.app */,
				626073AC28F1D36A00545484 /* FinancialAnalysisTests.xctest */,
				626073B628F1D36A00545484 /* FinancialAnalysisUITests.xctest */,
			);
			name = Products;
			sourceTree = "<group>";
		};
		6260739528F1D36A00545484 /* FinancialAnalysis */ = {
			isa = PBXGroup;
			children = (
				6247858B29199D69004A74DA /* SupportElements */,
				6235A33829168A2300717C28 /* DataBase */,
				626073E428F1E0A900545484 /* CustomElements */,
				62FCFF912933F5B8007E0C6D /* CostsCategory */,
				62D013F028F2D60E00517266 /* TextFieldForAdd */,
				626073CA28F1D97800545484 /* Graph */,
				626073C928F1D95D00545484 /* Costs */,
				6260739628F1D36A00545484 /* AppDelegate.swift */,
				6260739C28F1D36A00545484 /* Main.storyboard */,
				626073A228F1D36A00545484 /* Assets.xcassets */,
				626073A428F1D36A00545484 /* LaunchScreen.storyboard */,
				626073A728F1D36A00545484 /* Info.plist */,
				6260739F28F1D36A00545484 /* FinancialAnalysis.xcdatamodeld */,
			);
			path = FinancialAnalysis;
			sourceTree = "<group>";
		};
		626073AF28F1D36A00545484 /* FinancialAnalysisTests */ = {
			isa = PBXGroup;
			children = (
				626073B028F1D36A00545484 /* FinancialAnalysisTests.swift */,
			);
			path = FinancialAnalysisTests;
			sourceTree = "<group>";
		};
		626073B928F1D36A00545484 /* FinancialAnalysisUITests */ = {
			isa = PBXGroup;
			children = (
				626073BA28F1D36A00545484 /* FinancialAnalysisUITests.swift */,
				626073BC28F1D36A00545484 /* FinancialAnalysisUITestsLaunchTests.swift */,
			);
			path = FinancialAnalysisUITests;
			sourceTree = "<group>";
		};
		626073C928F1D95D00545484 /* Costs */ = {
			isa = PBXGroup;
			children = (
				6235A33C29169EB100717C28 /* Protocols */,
				626073CC28F1D99100545484 /* CostsViewController.swift */,
				626073ED28F1E90200545484 /* CostsTableCell.swift */,
				62007403291294C600B22D0C /* CostsPresenter.swift */,
				62007405291294D300B22D0C /* CostsInteractor.swift */,
				62007407291294DC00B22D0C /* CostsRouter.swift */,
			);
			path = Costs;
			sourceTree = "<group>";
		};
		626073CA28F1D97800545484 /* Graph */ = {
			isa = PBXGroup;
			children = (
				626073D428F1D9BD00545484 /* GraphViewController.swift */,
			);
			path = Graph;
			sourceTree = "<group>";
		};
		626073E428F1E0A900545484 /* CustomElements */ = {
			isa = PBXGroup;
			children = (
				626073E528F1E0C400545484 /* NavigationController.swift */,
			);
			path = CustomElements;
			sourceTree = "<group>";
		};
		626073E728F1E18500545484 /* Fonts */ = {
			isa = PBXGroup;
			children = (
			);
			path = Fonts;
			sourceTree = "<group>";
		};
		62D013F028F2D60E00517266 /* TextFieldForAdd */ = {
			isa = PBXGroup;
			children = (
				6235A34929169FAD00717C28 /* Protocols */,
				62D013EE28F2D3CC00517266 /* AddViewController.swift */,
				620073FD2912933900B22D0C /* AddPresenter.swift */,
				620073FF2912934200B22D0C /* AddInteractor.swift */,
				6235A35A2916AA0800717C28 /* AddRouter.swift */,
			);
			path = TextFieldForAdd;
			sourceTree = "<group>";
		};
		62FCFF912933F5B8007E0C6D /* CostsCategory */ = {
			isa = PBXGroup;
			children = (
				62FCFF9A2933F5F9007E0C6D /* Protocols */,
				62FCFF922933F5CF007E0C6D /* CostsCategoryViewController.swift */,
				62FCFF942933F5DB007E0C6D /* CostsCategoryPresenter.swift */,
				62FCFF962933F5E7007E0C6D /* CostsCategoryInteractor.swift */,
				62FCFF982933F5F0007E0C6D /* CostsCategoryRouter.swift */,
				62FCFFA72933F89B007E0C6D /* CostsCategoryTableCell.swift */,
			);
			path = CostsCategory;
			sourceTree = "<group>";
		};
		62FCFF9A2933F5F9007E0C6D /* Protocols */ = {
			isa = PBXGroup;
			children = (
				62FCFF9B2933F614007E0C6D /* CostsCategoryRouretInput.swift */,
				62FCFF9D2933F61F007E0C6D /* CostsCategoryRouterOutput.swift */,
				62FCFF9F2933F62A007E0C6D /* CostsCategoryPresenterInput.swift */,
				62FCFFA12933F633007E0C6D /* CostsCategoryPresenterOutput.swift */,
				62FCFFA32933F642007E0C6D /* CostsCategoryInteractorInput.swift */,
				62FCFFA52933F650007E0C6D /* CostsCategoryInteractorOutput.swift */,
			);
			path = Protocols;
			sourceTree = "<group>";
		};
/* End PBXGroup section */

/* Begin PBXNativeTarget section */
		6260739228F1D36A00545484 /* FinancialAnalysis */ = {
			isa = PBXNativeTarget;
			buildConfigurationList = 626073C028F1D36A00545484 /* Build configuration list for PBXNativeTarget "FinancialAnalysis" */;
			buildPhases = (
				6260738F28F1D36A00545484 /* Sources */,
				6260739028F1D36A00545484 /* Frameworks */,
				6260739128F1D36A00545484 /* Resources */,
			);
			buildRules = (
			);
			dependencies = (
			);
			name = FinancialAnalysis;
			packageProductDependencies = (
				626073EB28F1E67C00545484 /* SnapKit */,
				6235A3342916881700717C28 /* Realm */,
				6235A3362916881700717C28 /* RealmSwift */,
			);
			productName = FinancialAnalysis;
			productReference = 6260739328F1D36A00545484 /* FinancialAnalysis.app */;
			productType = "com.apple.product-type.application";
		};
		626073AB28F1D36A00545484 /* FinancialAnalysisTests */ = {
			isa = PBXNativeTarget;
			buildConfigurationList = 626073C328F1D36A00545484 /* Build configuration list for PBXNativeTarget "FinancialAnalysisTests" */;
			buildPhases = (
				626073A828F1D36A00545484 /* Sources */,
				626073A928F1D36A00545484 /* Frameworks */,
				626073AA28F1D36A00545484 /* Resources */,
			);
			buildRules = (
			);
			dependencies = (
				626073AE28F1D36A00545484 /* PBXTargetDependency */,
			);
			name = FinancialAnalysisTests;
			productName = FinancialAnalysisTests;
			productReference = 626073AC28F1D36A00545484 /* FinancialAnalysisTests.xctest */;
			productType = "com.apple.product-type.bundle.unit-test";
		};
		626073B528F1D36A00545484 /* FinancialAnalysisUITests */ = {
			isa = PBXNativeTarget;
			buildConfigurationList = 626073C628F1D36A00545484 /* Build configuration list for PBXNativeTarget "FinancialAnalysisUITests" */;
			buildPhases = (
				626073B228F1D36A00545484 /* Sources */,
				626073B328F1D36A00545484 /* Frameworks */,
				626073B428F1D36A00545484 /* Resources */,
			);
			buildRules = (
			);
			dependencies = (
				626073B828F1D36A00545484 /* PBXTargetDependency */,
			);
			name = FinancialAnalysisUITests;
			productName = FinancialAnalysisUITests;
			productReference = 626073B628F1D36A00545484 /* FinancialAnalysisUITests.xctest */;
			productType = "com.apple.product-type.bundle.ui-testing";
		};
/* End PBXNativeTarget section */

/* Begin PBXProject section */
		6260738B28F1D36A00545484 /* Project object */ = {
			isa = PBXProject;
			attributes = {
				BuildIndependentTargetsInParallel = 1;
				LastSwiftUpdateCheck = 1340;
				LastUpgradeCheck = 1340;
				TargetAttributes = {
					6260739228F1D36A00545484 = {
						CreatedOnToolsVersion = 13.4.1;
					};
					626073AB28F1D36A00545484 = {
						CreatedOnToolsVersion = 13.4.1;
						TestTargetID = 6260739228F1D36A00545484;
					};
					626073B528F1D36A00545484 = {
						CreatedOnToolsVersion = 13.4.1;
						TestTargetID = 6260739228F1D36A00545484;
					};
				};
			};
			buildConfigurationList = 6260738E28F1D36A00545484 /* Build configuration list for PBXProject "FinancialAnalysis" */;
			compatibilityVersion = "Xcode 13.0";
			developmentRegion = en;
			hasScannedForEncodings = 0;
			knownRegions = (
				en,
				Base,
			);
			mainGroup = 6260738A28F1D36A00545484;
			packageReferences = (
				626073EA28F1E67C00545484 /* XCRemoteSwiftPackageReference "SnapKit" */,
				6235A3332916881700717C28 /* XCRemoteSwiftPackageReference "realm-swift" */,
			);
			productRefGroup = 6260739428F1D36A00545484 /* Products */;
			projectDirPath = "";
			projectRoot = "";
			targets = (
				6260739228F1D36A00545484 /* FinancialAnalysis */,
				626073AB28F1D36A00545484 /* FinancialAnalysisTests */,
				626073B528F1D36A00545484 /* FinancialAnalysisUITests */,
			);
		};
/* End PBXProject section */

/* Begin PBXResourcesBuildPhase section */
		6260739128F1D36A00545484 /* Resources */ = {
			isa = PBXResourcesBuildPhase;
			buildActionMask = 2147483647;
			files = (
				626073A628F1D36A00545484 /* LaunchScreen.storyboard in Resources */,
				626073A328F1D36A00545484 /* Assets.xcassets in Resources */,
				6260739E28F1D36A00545484 /* Main.storyboard in Resources */,
			);
			runOnlyForDeploymentPostprocessing = 0;
		};
		626073AA28F1D36A00545484 /* Resources */ = {
			isa = PBXResourcesBuildPhase;
			buildActionMask = 2147483647;
			files = (
			);
			runOnlyForDeploymentPostprocessing = 0;
		};
		626073B428F1D36A00545484 /* Resources */ = {
			isa = PBXResourcesBuildPhase;
			buildActionMask = 2147483647;
			files = (
			);
			runOnlyForDeploymentPostprocessing = 0;
		};
/* End PBXResourcesBuildPhase section */

/* Begin PBXSourcesBuildPhase section */
		6260738F28F1D36A00545484 /* Sources */ = {
			isa = PBXSourcesBuildPhase;
			buildActionMask = 2147483647;
			files = (
				6235A3512916A02D00717C28 /* AddInteractorInput.swift in Sources */,
				6235A3572916A07200717C28 /* AddPresenterOutput.swift in Sources */,
				6235A34229169F2D00717C28 /* CostsInteractorInput.swift in Sources */,
				6235A34029169F0E00717C28 /* CostsRouterOutput.swift in Sources */,
				6235A34829169F7900717C28 /* CostsPresenterOutput.swift in Sources */,
				62FCFF932933F5CF007E0C6D /* CostsCategoryViewController.swift in Sources */,
				6235A34629169F6200717C28 /* CostsPresenterInput.swift in Sources */,
				62FCFFA22933F633007E0C6D /* CostsCategoryPresenterOutput.swift in Sources */,
				626073EE28F1E90200545484 /* CostsTableCell.swift in Sources */,
				62FCFFA82933F89B007E0C6D /* CostsCategoryTableCell.swift in Sources */,
				6260739728F1D36A00545484 /* AppDelegate.swift in Sources */,
				6235A34429169F4300717C28 /* CostsInteractorOutput.swift in Sources */,
				62007406291294D300B22D0C /* CostsInteractor.swift in Sources */,
				6235A3532916A04500717C28 /* AddInteractorOutput.swift in Sources */,
				626073E628F1E0C400545484 /* NavigationController.swift in Sources */,
				6247858D29199D82004A74DA /* AddType.swift in Sources */,
				6235A34F2916A01C00717C28 /* AddRouterOutput.swift in Sources */,
				6247858F29199EC6004A74DA /* Income.swift in Sources */,
				62D013EF28F2D3CC00517266 /* AddViewController.swift in Sources */,
				6235A35B2916AA0800717C28 /* AddRouter.swift in Sources */,
				62FCFF902933F4D4007E0C6D /* CostsCategory.swift in Sources */,
				6235A33A29168A5C00717C28 /* CostsCategories.swift in Sources */,
				62007404291294C600B22D0C /* CostsPresenter.swift in Sources */,
				626073D528F1D9BD00545484 /* GraphViewController.swift in Sources */,
				62FCFF9C2933F614007E0C6D /* CostsCategoryRouretInput.swift in Sources */,
				6235A33E29169ED100717C28 /* CostsRouterInput.swift in Sources */,
				62FCFF992933F5F0007E0C6D /* CostsCategoryRouter.swift in Sources */,
				6235A3552916A05F00717C28 /* AddPresenterInput.swift in Sources */,
				62FCFF952933F5DB007E0C6D /* CostsCategoryPresenter.swift in Sources */,
				62007408291294DC00B22D0C /* CostsRouter.swift in Sources */,
				620074002912934200B22D0C /* AddInteractor.swift in Sources */,
				62FCFFA42933F642007E0C6D /* CostsCategoryInteractorInput.swift in Sources */,
				62FCFFA62933F650007E0C6D /* CostsCategoryInteractorOutput.swift in Sources */,
				626073A128F1D36A00545484 /* FinancialAnalysis.xcdatamodeld in Sources */,
				626449FA294129CD004212B3 /* ConvertDate.swift in Sources */,
				6235A34B29169FC100717C28 /* AddRouterInput.swift in Sources */,
				62FCFF972933F5E7007E0C6D /* CostsCategoryInteractor.swift in Sources */,
				620073FE2912933900B22D0C /* AddPresenter.swift in Sources */,
				62FCFF9E2933F61F007E0C6D /* CostsCategoryRouterOutput.swift in Sources */,
				62FCFFA02933F62A007E0C6D /* CostsCategoryPresenterInput.swift in Sources */,
				626073CD28F1D99100545484 /* CostsViewController.swift in Sources */,
			);
			runOnlyForDeploymentPostprocessing = 0;
		};
		626073A828F1D36A00545484 /* Sources */ = {
			isa = PBXSourcesBuildPhase;
			buildActionMask = 2147483647;
			files = (
				626073B128F1D36A00545484 /* FinancialAnalysisTests.swift in Sources */,
			);
			runOnlyForDeploymentPostprocessing = 0;
		};
		626073B228F1D36A00545484 /* Sources */ = {
			isa = PBXSourcesBuildPhase;
			buildActionMask = 2147483647;
			files = (
				626073BD28F1D36A00545484 /* FinancialAnalysisUITestsLaunchTests.swift in Sources */,
				626073BB28F1D36A00545484 /* FinancialAnalysisUITests.swift in Sources */,
			);
			runOnlyForDeploymentPostprocessing = 0;
		};
/* End PBXSourcesBuildPhase section */

/* Begin PBXTargetDependency section */
		626073AE28F1D36A00545484 /* PBXTargetDependency */ = {
			isa = PBXTargetDependency;
			target = 6260739228F1D36A00545484 /* FinancialAnalysis */;
			targetProxy = 626073AD28F1D36A00545484 /* PBXContainerItemProxy */;
		};
		626073B828F1D36A00545484 /* PBXTargetDependency */ = {
			isa = PBXTargetDependency;
			target = 6260739228F1D36A00545484 /* FinancialAnalysis */;
			targetProxy = 626073B728F1D36A00545484 /* PBXContainerItemProxy */;
		};
/* End PBXTargetDependency section */

/* Begin PBXVariantGroup section */
		6260739C28F1D36A00545484 /* Main.storyboard */ = {
			isa = PBXVariantGroup;
			children = (
				6260739D28F1D36A00545484 /* Base */,
			);
			name = Main.storyboard;
			sourceTree = "<group>";
		};
		626073A428F1D36A00545484 /* LaunchScreen.storyboard */ = {
			isa = PBXVariantGroup;
			children = (
				626073A528F1D36A00545484 /* Base */,
			);
			name = LaunchScreen.storyboard;
			sourceTree = "<group>";
		};
/* End PBXVariantGroup section */

/* Begin XCBuildConfiguration section */
		626073BE28F1D36A00545484 /* Debug */ = {
			isa = XCBuildConfiguration;
			buildSettings = {
				ALWAYS_SEARCH_USER_PATHS = NO;
				CLANG_ANALYZER_NONNULL = YES;
				CLANG_ANALYZER_NUMBER_OBJECT_CONVERSION = YES_AGGRESSIVE;
				CLANG_CXX_LANGUAGE_STANDARD = "gnu++17";
				CLANG_ENABLE_MODULES = YES;
				CLANG_ENABLE_OBJC_ARC = YES;
				CLANG_ENABLE_OBJC_WEAK = YES;
				CLANG_WARN_BLOCK_CAPTURE_AUTORELEASING = YES;
				CLANG_WARN_BOOL_CONVERSION = YES;
				CLANG_WARN_COMMA = YES;
				CLANG_WARN_CONSTANT_CONVERSION = YES;
				CLANG_WARN_DEPRECATED_OBJC_IMPLEMENTATIONS = YES;
				CLANG_WARN_DIRECT_OBJC_ISA_USAGE = YES_ERROR;
				CLANG_WARN_DOCUMENTATION_COMMENTS = YES;
				CLANG_WARN_EMPTY_BODY = YES;
				CLANG_WARN_ENUM_CONVERSION = YES;
				CLANG_WARN_INFINITE_RECURSION = YES;
				CLANG_WARN_INT_CONVERSION = YES;
				CLANG_WARN_NON_LITERAL_NULL_CONVERSION = YES;
				CLANG_WARN_OBJC_IMPLICIT_RETAIN_SELF = YES;
				CLANG_WARN_OBJC_LITERAL_CONVERSION = YES;
				CLANG_WARN_OBJC_ROOT_CLASS = YES_ERROR;
				CLANG_WARN_QUOTED_INCLUDE_IN_FRAMEWORK_HEADER = YES;
				CLANG_WARN_RANGE_LOOP_ANALYSIS = YES;
				CLANG_WARN_STRICT_PROTOTYPES = YES;
				CLANG_WARN_SUSPICIOUS_MOVE = YES;
				CLANG_WARN_UNGUARDED_AVAILABILITY = YES_AGGRESSIVE;
				CLANG_WARN_UNREACHABLE_CODE = YES;
				CLANG_WARN__DUPLICATE_METHOD_MATCH = YES;
				COPY_PHASE_STRIP = NO;
				DEBUG_INFORMATION_FORMAT = dwarf;
				ENABLE_STRICT_OBJC_MSGSEND = YES;
				ENABLE_TESTABILITY = YES;
				GCC_C_LANGUAGE_STANDARD = gnu11;
				GCC_DYNAMIC_NO_PIC = NO;
				GCC_NO_COMMON_BLOCKS = YES;
				GCC_OPTIMIZATION_LEVEL = 0;
				GCC_PREPROCESSOR_DEFINITIONS = (
					"DEBUG=1",
					"$(inherited)",
				);
				GCC_WARN_64_TO_32_BIT_CONVERSION = YES;
				GCC_WARN_ABOUT_RETURN_TYPE = YES_ERROR;
				GCC_WARN_UNDECLARED_SELECTOR = YES;
				GCC_WARN_UNINITIALIZED_AUTOS = YES_AGGRESSIVE;
				GCC_WARN_UNUSED_FUNCTION = YES;
				GCC_WARN_UNUSED_VARIABLE = YES;
				IPHONEOS_DEPLOYMENT_TARGET = 15.5;
				MTL_ENABLE_DEBUG_INFO = INCLUDE_SOURCE;
				MTL_FAST_MATH = YES;
				ONLY_ACTIVE_ARCH = YES;
				SDKROOT = iphoneos;
				SWIFT_ACTIVE_COMPILATION_CONDITIONS = DEBUG;
				SWIFT_OPTIMIZATION_LEVEL = "-Onone";
			};
			name = Debug;
		};
		626073BF28F1D36A00545484 /* Release */ = {
			isa = XCBuildConfiguration;
			buildSettings = {
				ALWAYS_SEARCH_USER_PATHS = NO;
				CLANG_ANALYZER_NONNULL = YES;
				CLANG_ANALYZER_NUMBER_OBJECT_CONVERSION = YES_AGGRESSIVE;
				CLANG_CXX_LANGUAGE_STANDARD = "gnu++17";
				CLANG_ENABLE_MODULES = YES;
				CLANG_ENABLE_OBJC_ARC = YES;
				CLANG_ENABLE_OBJC_WEAK = YES;
				CLANG_WARN_BLOCK_CAPTURE_AUTORELEASING = YES;
				CLANG_WARN_BOOL_CONVERSION = YES;
				CLANG_WARN_COMMA = YES;
				CLANG_WARN_CONSTANT_CONVERSION = YES;
				CLANG_WARN_DEPRECATED_OBJC_IMPLEMENTATIONS = YES;
				CLANG_WARN_DIRECT_OBJC_ISA_USAGE = YES_ERROR;
				CLANG_WARN_DOCUMENTATION_COMMENTS = YES;
				CLANG_WARN_EMPTY_BODY = YES;
				CLANG_WARN_ENUM_CONVERSION = YES;
				CLANG_WARN_INFINITE_RECURSION = YES;
				CLANG_WARN_INT_CONVERSION = YES;
				CLANG_WARN_NON_LITERAL_NULL_CONVERSION = YES;
				CLANG_WARN_OBJC_IMPLICIT_RETAIN_SELF = YES;
				CLANG_WARN_OBJC_LITERAL_CONVERSION = YES;
				CLANG_WARN_OBJC_ROOT_CLASS = YES_ERROR;
				CLANG_WARN_QUOTED_INCLUDE_IN_FRAMEWORK_HEADER = YES;
				CLANG_WARN_RANGE_LOOP_ANALYSIS = YES;
				CLANG_WARN_STRICT_PROTOTYPES = YES;
				CLANG_WARN_SUSPICIOUS_MOVE = YES;
				CLANG_WARN_UNGUARDED_AVAILABILITY = YES_AGGRESSIVE;
				CLANG_WARN_UNREACHABLE_CODE = YES;
				CLANG_WARN__DUPLICATE_METHOD_MATCH = YES;
				COPY_PHASE_STRIP = NO;
				DEBUG_INFORMATION_FORMAT = "dwarf-with-dsym";
				ENABLE_NS_ASSERTIONS = NO;
				ENABLE_STRICT_OBJC_MSGSEND = YES;
				GCC_C_LANGUAGE_STANDARD = gnu11;
				GCC_NO_COMMON_BLOCKS = YES;
				GCC_WARN_64_TO_32_BIT_CONVERSION = YES;
				GCC_WARN_ABOUT_RETURN_TYPE = YES_ERROR;
				GCC_WARN_UNDECLARED_SELECTOR = YES;
				GCC_WARN_UNINITIALIZED_AUTOS = YES_AGGRESSIVE;
				GCC_WARN_UNUSED_FUNCTION = YES;
				GCC_WARN_UNUSED_VARIABLE = YES;
				IPHONEOS_DEPLOYMENT_TARGET = 15.5;
				MTL_ENABLE_DEBUG_INFO = NO;
				MTL_FAST_MATH = YES;
				SDKROOT = iphoneos;
				SWIFT_COMPILATION_MODE = wholemodule;
				SWIFT_OPTIMIZATION_LEVEL = "-O";
				VALIDATE_PRODUCT = YES;
			};
			name = Release;
		};
		626073C128F1D36A00545484 /* Debug */ = {
			isa = XCBuildConfiguration;
			buildSettings = {
				ASSETCATALOG_COMPILER_APPICON_NAME = AppIcon;
				ASSETCATALOG_COMPILER_GLOBAL_ACCENT_COLOR_NAME = AccentColor;
				CODE_SIGN_STYLE = Automatic;
				CURRENT_PROJECT_VERSION = 1;
				DEVELOPMENT_TEAM = G3X24TP6DR;
				GENERATE_INFOPLIST_FILE = YES;
				INFOPLIST_FILE = FinancialAnalysis/Info.plist;
				INFOPLIST_KEY_UIApplicationSupportsIndirectInputEvents = YES;
				INFOPLIST_KEY_UILaunchStoryboardName = LaunchScreen;
				INFOPLIST_KEY_UIMainStoryboardFile = Main;
				INFOPLIST_KEY_UISupportedInterfaceOrientations_iPad = "UIInterfaceOrientationPortrait UIInterfaceOrientationPortraitUpsideDown UIInterfaceOrientationLandscapeLeft UIInterfaceOrientationLandscapeRight";
				INFOPLIST_KEY_UISupportedInterfaceOrientations_iPhone = "UIInterfaceOrientationPortrait UIInterfaceOrientationLandscapeLeft UIInterfaceOrientationLandscapeRight";
				LD_RUNPATH_SEARCH_PATHS = (
					"$(inherited)",
					"@executable_path/Frameworks",
				);
				MARKETING_VERSION = 1.0;
				PRODUCT_BUNDLE_IDENTIFIER = Eugenia.FinancialAnalysis;
				PRODUCT_NAME = "$(TARGET_NAME)";
				SWIFT_EMIT_LOC_STRINGS = YES;
				SWIFT_VERSION = 5.0;
				TARGETED_DEVICE_FAMILY = "1,2";
			};
			name = Debug;
		};
		626073C228F1D36A00545484 /* Release */ = {
			isa = XCBuildConfiguration;
			buildSettings = {
				ASSETCATALOG_COMPILER_APPICON_NAME = AppIcon;
				ASSETCATALOG_COMPILER_GLOBAL_ACCENT_COLOR_NAME = AccentColor;
				CODE_SIGN_STYLE = Automatic;
				CURRENT_PROJECT_VERSION = 1;
				DEVELOPMENT_TEAM = G3X24TP6DR;
				GENERATE_INFOPLIST_FILE = YES;
				INFOPLIST_FILE = FinancialAnalysis/Info.plist;
				INFOPLIST_KEY_UIApplicationSupportsIndirectInputEvents = YES;
				INFOPLIST_KEY_UILaunchStoryboardName = LaunchScreen;
				INFOPLIST_KEY_UIMainStoryboardFile = Main;
				INFOPLIST_KEY_UISupportedInterfaceOrientations_iPad = "UIInterfaceOrientationPortrait UIInterfaceOrientationPortraitUpsideDown UIInterfaceOrientationLandscapeLeft UIInterfaceOrientationLandscapeRight";
				INFOPLIST_KEY_UISupportedInterfaceOrientations_iPhone = "UIInterfaceOrientationPortrait UIInterfaceOrientationLandscapeLeft UIInterfaceOrientationLandscapeRight";
				LD_RUNPATH_SEARCH_PATHS = (
					"$(inherited)",
					"@executable_path/Frameworks",
				);
				MARKETING_VERSION = 1.0;
				PRODUCT_BUNDLE_IDENTIFIER = Eugenia.FinancialAnalysis;
				PRODUCT_NAME = "$(TARGET_NAME)";
				SWIFT_EMIT_LOC_STRINGS = YES;
				SWIFT_VERSION = 5.0;
				TARGETED_DEVICE_FAMILY = "1,2";
			};
			name = Release;
		};
		626073C428F1D36A00545484 /* Debug */ = {
			isa = XCBuildConfiguration;
			buildSettings = {
				ALWAYS_EMBED_SWIFT_STANDARD_LIBRARIES = YES;
				BUNDLE_LOADER = "$(TEST_HOST)";
				CODE_SIGN_STYLE = Automatic;
				CURRENT_PROJECT_VERSION = 1;
				DEVELOPMENT_TEAM = G3X24TP6DR;
				GENERATE_INFOPLIST_FILE = YES;
				IPHONEOS_DEPLOYMENT_TARGET = 15.5;
				MARKETING_VERSION = 1.0;
				PRODUCT_BUNDLE_IDENTIFIER = Eugenia.FinancialAnalysisTests;
				PRODUCT_NAME = "$(TARGET_NAME)";
				SWIFT_EMIT_LOC_STRINGS = NO;
				SWIFT_VERSION = 5.0;
				TARGETED_DEVICE_FAMILY = "1,2";
				TEST_HOST = "$(BUILT_PRODUCTS_DIR)/FinancialAnalysis.app/FinancialAnalysis";
			};
			name = Debug;
		};
		626073C528F1D36A00545484 /* Release */ = {
			isa = XCBuildConfiguration;
			buildSettings = {
				ALWAYS_EMBED_SWIFT_STANDARD_LIBRARIES = YES;
				BUNDLE_LOADER = "$(TEST_HOST)";
				CODE_SIGN_STYLE = Automatic;
				CURRENT_PROJECT_VERSION = 1;
				DEVELOPMENT_TEAM = G3X24TP6DR;
				GENERATE_INFOPLIST_FILE = YES;
				IPHONEOS_DEPLOYMENT_TARGET = 15.5;
				MARKETING_VERSION = 1.0;
				PRODUCT_BUNDLE_IDENTIFIER = Eugenia.FinancialAnalysisTests;
				PRODUCT_NAME = "$(TARGET_NAME)";
				SWIFT_EMIT_LOC_STRINGS = NO;
				SWIFT_VERSION = 5.0;
				TARGETED_DEVICE_FAMILY = "1,2";
				TEST_HOST = "$(BUILT_PRODUCTS_DIR)/FinancialAnalysis.app/FinancialAnalysis";
			};
			name = Release;
		};
		626073C728F1D36A00545484 /* Debug */ = {
			isa = XCBuildConfiguration;
			buildSettings = {
				ALWAYS_EMBED_SWIFT_STANDARD_LIBRARIES = YES;
				CODE_SIGN_STYLE = Automatic;
				CURRENT_PROJECT_VERSION = 1;
				DEVELOPMENT_TEAM = G3X24TP6DR;
				GENERATE_INFOPLIST_FILE = YES;
				MARKETING_VERSION = 1.0;
				PRODUCT_BUNDLE_IDENTIFIER = Eugenia.FinancialAnalysisUITests;
				PRODUCT_NAME = "$(TARGET_NAME)";
				SWIFT_EMIT_LOC_STRINGS = NO;
				SWIFT_VERSION = 5.0;
				TARGETED_DEVICE_FAMILY = "1,2";
				TEST_TARGET_NAME = FinancialAnalysis;
			};
			name = Debug;
		};
		626073C828F1D36A00545484 /* Release */ = {
			isa = XCBuildConfiguration;
			buildSettings = {
				ALWAYS_EMBED_SWIFT_STANDARD_LIBRARIES = YES;
				CODE_SIGN_STYLE = Automatic;
				CURRENT_PROJECT_VERSION = 1;
				DEVELOPMENT_TEAM = G3X24TP6DR;
				GENERATE_INFOPLIST_FILE = YES;
				MARKETING_VERSION = 1.0;
				PRODUCT_BUNDLE_IDENTIFIER = Eugenia.FinancialAnalysisUITests;
				PRODUCT_NAME = "$(TARGET_NAME)";
				SWIFT_EMIT_LOC_STRINGS = NO;
				SWIFT_VERSION = 5.0;
				TARGETED_DEVICE_FAMILY = "1,2";
				TEST_TARGET_NAME = FinancialAnalysis;
			};
			name = Release;
		};
/* End XCBuildConfiguration section */

/* Begin XCConfigurationList section */
		6260738E28F1D36A00545484 /* Build configuration list for PBXProject "FinancialAnalysis" */ = {
			isa = XCConfigurationList;
			buildConfigurations = (
				626073BE28F1D36A00545484 /* Debug */,
				626073BF28F1D36A00545484 /* Release */,
			);
			defaultConfigurationIsVisible = 0;
			defaultConfigurationName = Release;
		};
		626073C028F1D36A00545484 /* Build configuration list for PBXNativeTarget "FinancialAnalysis" */ = {
			isa = XCConfigurationList;
			buildConfigurations = (
				626073C128F1D36A00545484 /* Debug */,
				626073C228F1D36A00545484 /* Release */,
			);
			defaultConfigurationIsVisible = 0;
			defaultConfigurationName = Release;
		};
		626073C328F1D36A00545484 /* Build configuration list for PBXNativeTarget "FinancialAnalysisTests" */ = {
			isa = XCConfigurationList;
			buildConfigurations = (
				626073C428F1D36A00545484 /* Debug */,
				626073C528F1D36A00545484 /* Release */,
			);
			defaultConfigurationIsVisible = 0;
			defaultConfigurationName = Release;
		};
		626073C628F1D36A00545484 /* Build configuration list for PBXNativeTarget "FinancialAnalysisUITests" */ = {
			isa = XCConfigurationList;
			buildConfigurations = (
				626073C728F1D36A00545484 /* Debug */,
				626073C828F1D36A00545484 /* Release */,
			);
			defaultConfigurationIsVisible = 0;
			defaultConfigurationName = Release;
		};
/* End XCConfigurationList section */

/* Begin XCRemoteSwiftPackageReference section */
		6235A3332916881700717C28 /* XCRemoteSwiftPackageReference "realm-swift" */ = {
			isa = XCRemoteSwiftPackageReference;
			repositoryURL = "https://github.com/realm/realm-swift.git";
			requirement = {
				branch = master;
				kind = branch;
			};
		};
		626073EA28F1E67C00545484 /* XCRemoteSwiftPackageReference "SnapKit" */ = {
			isa = XCRemoteSwiftPackageReference;
			repositoryURL = "https://github.com/SnapKit/SnapKit.git";
			requirement = {
				branch = develop;
				kind = branch;
			};
		};
/* End XCRemoteSwiftPackageReference section */

/* Begin XCSwiftPackageProductDependency section */
		6235A3342916881700717C28 /* Realm */ = {
			isa = XCSwiftPackageProductDependency;
			package = 6235A3332916881700717C28 /* XCRemoteSwiftPackageReference "realm-swift" */;
			productName = Realm;
		};
		6235A3362916881700717C28 /* RealmSwift */ = {
			isa = XCSwiftPackageProductDependency;
			package = 6235A3332916881700717C28 /* XCRemoteSwiftPackageReference "realm-swift" */;
			productName = RealmSwift;
		};
		626073EB28F1E67C00545484 /* SnapKit */ = {
			isa = XCSwiftPackageProductDependency;
			package = 626073EA28F1E67C00545484 /* XCRemoteSwiftPackageReference "SnapKit" */;
			productName = SnapKit;
		};
/* End XCSwiftPackageProductDependency section */

/* Begin XCVersionGroup section */
		6260739F28F1D36A00545484 /* FinancialAnalysis.xcdatamodeld */ = {
			isa = XCVersionGroup;
			children = (
				626073A028F1D36A00545484 /* FinancialAnalysis.xcdatamodel */,
			);
			currentVersion = 626073A028F1D36A00545484 /* FinancialAnalysis.xcdatamodel */;
			path = FinancialAnalysis.xcdatamodeld;
			sourceTree = "<group>";
			versionGroupType = wrapper.xcdatamodel;
		};
/* End XCVersionGroup section */
	};
	rootObject = 6260738B28F1D36A00545484 /* Project object */;
}
